
Microsoft Visual Studio Solution File, Format Version 12.00
# Visual Studio Version 17
VisualStudioVersion = 17.4.33122.133
MinimumVisualStudioVersion = 10.0.40219.1
Project("{9A19103F-16F7-4668-BE54-9A1E7A4F7556}") = "Runned", "Runned.csproj", "{5BA7CEEF-15D7-4AA6-8522-0B6AEA310E43}"
EndProject
Global
	GlobalSection(SolutionConfigurationPlatforms) = preSolution
		Debug|Any CPU = Debug|Any CPU
		Release|Any CPU = Release|Any CPU
	EndGlobalSection
	GlobalSection(ProjectConfigurationPlatforms) = postSolution
		{5BA7CEEF-15D7-4AA6-8522-0B6AEA310E43}.Debug|Any CPU.ActiveCfg = Debug|Any CPU
		{5BA7CEEF-15D7-4AA6-8522-0B6AEA310E43}.Debug|Any CPU.Build.0 = Debug|Any CPU
		{5BA7CEEF-15D7-4AA6-8522-0B6AEA310E43}.Release|Any CPU.ActiveCfg = Release|Any CPU
		{5BA7CEEF-15D7-4AA6-8522-0B6AEA310E43}.Release|Any CPU.Build.0 = Release|Any CPU
	EndGlobalSection
	GlobalSection(SolutionProperties) = preSolution
		HideSolutionNode = FALSE
	EndGlobalSection
	GlobalSection(ExtensibilityGlobals) = postSolution
		SolutionGuid = {94C63BDF-C6C5-44F9-BD55-D914C0C9AA6E}
	EndGlobalSection
EndGlobal
